
Microsoft Visual Studio Solution File, Format Version 12.00
# Visual Studio Version 17
VisualStudioVersion = 17.3.32922.545
MinimumVisualStudioVersion = 10.0.40219.1
Project("{FAE04EC0-301F-11D3-BF4B-00C04F79EFBC}") = "HastaneOtomasyonu", "HastaneOtomasyonu\HastaneOtomasyonu.csproj", "{7A15DF83-71D6-49FA-84BF-11624C50A79B}"
EndProject
Global
	GlobalSection(SolutionConfigurationPlatforms) = preSolution
		Debug|Any CPU = Debug|Any CPU
		Release|Any CPU = Release|Any CPU
	EndGlobalSection
	GlobalSection(ProjectConfigurationPlatforms) = postSolution
		{7A15DF83-71D6-49FA-84BF-11624C50A79B}.Debug|Any CPU.ActiveCfg = Debug|Any CPU
		{7A15DF83-71D6-49FA-84BF-11624C50A79B}.Debug|Any CPU.Build.0 = Debug|Any CPU
		{7A15DF83-71D6-49FA-84BF-11624C50A79B}.Release|Any CPU.ActiveCfg = Release|Any CPU
		{7A15DF83-71D6-49FA-84BF-11624C50A79B}.Release|Any CPU.Build.0 = Release|Any CPU
	EndGlobalSection
	GlobalSection(SolutionProperties) = preSolution
		HideSolutionNode = FALSE
	EndGlobalSection
	GlobalSection(ExtensibilityGlobals) = postSolution
		SolutionGuid = {42146755-DDA4-45DA-A1F0-2AFEAAF16192}
	EndGlobalSection
EndGlobal
